
Microsoft Visual Studio Solution File, Format Version 12.00
# Visual Studio 15
VisualStudioVersion = 15.0.27130.2036
MinimumVisualStudioVersion = 10.0.40219.1
Project("{FAE04EC0-301F-11D3-BF4B-00C04F79EFBC}") = "jodeware2.Android", "jodeware2\jodeware2.Android\jodeware2.Android.csproj", "{87043A40-E22F-4ED6-8255-539869B368E9}"
EndProject
Project("{FAE04EC0-301F-11D3-BF4B-00C04F79EFBC}") = "jodeware2.iOS", "jodeware2\jodeware2.iOS\jodeware2.iOS.csproj", "{EBDFD1BD-802C-435D-9AE5-6CF30CE22D61}"
EndProject
Project("{FAE04EC0-301F-11D3-BF4B-00C04F79EFBC}") = "jodeware2.UWP", "jodeware2\jodeware2.UWP\jodeware2.UWP.csproj", "{CD6B651D-6D9E-4AA1-99B4-73458F41B2F5}"
EndProject
Project("{D954291E-2A0B-460D-934E-DC6B0785DB48}") = "jodeware2", "jodeware2\jodeware2\jodeware2.shproj", "{B018D9E6-DE62-46BA-A5E2-3FA43150818A}"
EndProject
Global
	GlobalSection(SharedMSBuildProjectFiles) = preSolution
		jodeware2\jodeware2\jodeware2.projitems*{87043a40-e22f-4ed6-8255-539869b368e9}*SharedItemsImports = 4
		jodeware2\jodeware2\jodeware2.projitems*{b018d9e6-de62-46ba-a5e2-3fa43150818a}*SharedItemsImports = 13
		jodeware2\jodeware2\jodeware2.projitems*{cd6b651d-6d9e-4aa1-99b4-73458f41b2f5}*SharedItemsImports = 4
		jodeware2\jodeware2\jodeware2.projitems*{ebdfd1bd-802c-435d-9ae5-6cf30ce22d61}*SharedItemsImports = 4
	EndGlobalSection
	GlobalSection(SolutionConfigurationPlatforms) = preSolution
		Ad-Hoc|Any CPU = Ad-Hoc|Any CPU
		Ad-Hoc|ARM = Ad-Hoc|ARM
		Ad-Hoc|iPhone = Ad-Hoc|iPhone
		Ad-Hoc|iPhoneSimulator = Ad-Hoc|iPhoneSimulator
		Ad-Hoc|x64 = Ad-Hoc|x64
		Ad-Hoc|x86 = Ad-Hoc|x86
		AppStore|Any CPU = AppStore|Any CPU
		AppStore|ARM = AppStore|ARM
		AppStore|iPhone = AppStore|iPhone
		AppStore|iPhoneSimulator = AppStore|iPhoneSimulator
		AppStore|x64 = AppStore|x64
		AppStore|x86 = AppStore|x86
		Debug|Any CPU = Debug|Any CPU
		Debug|ARM = Debug|ARM
		Debug|iPhone = Debug|iPhone
		Debug|iPhoneSimulator = Debug|iPhoneSimulator
		Debug|x64 = Debug|x64
		Debug|x86 = Debug|x86
		Release|Any CPU = Release|Any CPU
		Release|ARM = Release|ARM
		Release|iPhone = Release|iPhone
		Release|iPhoneSimulator = Release|iPhoneSimulator
		Release|x64 = Release|x64
		Release|x86 = Release|x86
	EndGlobalSection
	GlobalSection(ProjectConfigurationPlatforms) = postSolution
		{87043A40-E22F-4ED6-8255-539869B368E9}.Ad-Hoc|Any CPU.ActiveCfg = Release|Any CPU
		{87043A40-E22F-4ED6-8255-539869B368E9}.Ad-Hoc|Any CPU.Build.0 = Release|Any CPU
		{87043A40-E22F-4ED6-8255-539869B368E9}.Ad-Hoc|Any CPU.Deploy.0 = Release|Any CPU
		{87043A40-E22F-4ED6-8255-539869B368E9}.Ad-Hoc|ARM.ActiveCfg = Release|Any CPU
		{87043A40-E22F-4ED6-8255-539869B368E9}.Ad-Hoc|ARM.Build.0 = Release|Any CPU
		{87043A40-E22F-4ED6-8255-539869B368E9}.Ad-Hoc|ARM.Deploy.0 = Release|Any CPU
		{87043A40-E22F-4ED6-8255-539869B368E9}.Ad-Hoc|iPhone.ActiveCfg = Release|Any CPU
		{87043A40-E22F-4ED6-8255-539869B368E9}.Ad-Hoc|iPhone.Build.0 = Release|Any CPU
		{87043A40-E22F-4ED6-8255-539869B368E9}.Ad-Hoc|iPhone.Deploy.0 = Release|Any CPU
		{87043A40-E22F-4ED6-8255-539869B368E9}.Ad-Hoc|iPhoneSimulator.ActiveCfg = Release|Any CPU
		{87043A40-E22F-4ED6-8255-539869B368E9}.Ad-Hoc|iPhoneSimulator.Build.0 = Release|Any CPU
		{87043A40-E22F-4ED6-8255-539869B368E9}.Ad-Hoc|iPhoneSimulator.Deploy.0 = Release|Any CPU
		{87043A40-E22F-4ED6-8255-539869B368E9}.Ad-Hoc|x64.ActiveCfg = Release|Any CPU
		{87043A40-E22F-4ED6-8255-539869B368E9}.Ad-Hoc|x64.Build.0 = Release|Any CPU
		{87043A40-E22F-4ED6-8255-539869B368E9}.Ad-Hoc|x64.Deploy.0 = Release|Any CPU
		{87043A40-E22F-4ED6-8255-539869B368E9}.Ad-Hoc|x86.ActiveCfg = Release|Any CPU
		{87043A40-E22F-4ED6-8255-539869B368E9}.Ad-Hoc|x86.Build.0 = Release|Any CPU
		{87043A40-E22F-4ED6-8255-539869B368E9}.Ad-Hoc|x86.Deploy.0 = Release|Any CPU
		{87043A40-E22F-4ED6-8255-539869B368E9}.AppStore|Any CPU.ActiveCfg = Release|Any CPU
		{87043A40-E22F-4ED6-8255-539869B368E9}.AppStore|Any CPU.Build.0 = Release|Any CPU
		{87043A40-E22F-4ED6-8255-539869B368E9}.AppStore|Any CPU.Deploy.0 = Release|Any CPU
		{87043A40-E22F-4ED6-8255-539869B368E9}.AppStore|ARM.ActiveCfg = Release|Any CPU
		{87043A40-E22F-4ED6-8255-539869B368E9}.AppStore|ARM.Build.0 = Release|Any CPU
		{87043A40-E22F-4ED6-8255-539869B368E9}.AppStore|ARM.Deploy.0 = Release|Any CPU
		{87043A40-E22F-4ED6-8255-539869B368E9}.AppStore|iPhone.ActiveCfg = Release|Any CPU
		{87043A40-E22F-4ED6-8255-539869B368E9}.AppStore|iPhone.Build.0 = Release|Any CPU
		{87043A40-E22F-4ED6-8255-539869B368E9}.AppStore|iPhone.Deploy.0 = Release|Any CPU
		{87043A40-E22F-4ED6-8255-539869B368E9}.AppStore|iPhoneSimulator.ActiveCfg = Release|Any CPU
		{87043A40-E22F-4ED6-8255-539869B368E9}.AppStore|iPhoneSimulator.Build.0 = Release|Any CPU
		{87043A40-E22F-4ED6-8255-539869B368E9}.AppStore|iPhoneSimulator.Deploy.0 = Release|Any CPU
		{87043A40-E22F-4ED6-8255-539869B368E9}.AppStore|x64.ActiveCfg = Release|Any CPU
		{87043A40-E22F-4ED6-8255-539869B368E9}.AppStore|x64.Build.0 = Release|Any CPU
		{87043A40-E22F-4ED6-8255-539869B368E9}.AppStore|x64.Deploy.0 = Release|Any CPU
		{87043A40-E22F-4ED6-8255-539869B368E9}.AppStore|x86.ActiveCfg = Release|Any CPU
		{87043A40-E22F-4ED6-8255-539869B368E9}.AppStore|x86.Build.0 = Release|Any CPU
		{87043A40-E22F-4ED6-8255-539869B368E9}.AppStore|x86.Deploy.0 = Release|Any CPU
		{87043A40-E22F-4ED6-8255-539869B368E9}.Debug|Any CPU.ActiveCfg = Debug|Any CPU
		{87043A40-E22F-4ED6-8255-539869B368E9}.Debug|Any CPU.Build.0 = Debug|Any CPU
		{87043A40-E22F-4ED6-8255-539869B368E9}.Debug|Any CPU.Deploy.0 = Debug|Any CPU
		{87043A40-E22F-4ED6-8255-539869B368E9}.Debug|ARM.ActiveCfg = Debug|Any CPU
		{87043A40-E22F-4ED6-8255-539869B368E9}.Debug|ARM.Build.0 = Debug|Any CPU
		{87043A40-E22F-4ED6-8255-539869B368E9}.Debug|ARM.Deploy.0 = Debug|Any CPU
		{87043A40-E22F-4ED6-8255-539869B368E9}.Debug|iPhone.ActiveCfg = Debug|Any CPU
		{87043A40-E22F-4ED6-8255-539869B368E9}.Debug|iPhone.Build.0 = Debug|Any CPU
		{87043A40-E22F-4ED6-8255-539869B368E9}.Debug|iPhone.Deploy.0 = Debug|Any CPU
		{87043A40-E22F-4ED6-8255-539869B368E9}.Debug|iPhoneSimulator.ActiveCfg = Debug|Any CPU
		{87043A40-E22F-4ED6-8255-539869B368E9}.Debug|iPhoneSimulator.Build.0 = Debug|Any CPU
		{87043A40-E22F-4ED6-8255-539869B368E9}.Debug|iPhoneSimulator.Deploy.0 = Debug|Any CPU
		{87043A40-E22F-4ED6-8255-539869B368E9}.Debug|x64.ActiveCfg = Debug|Any CPU
		{87043A40-E22F-4ED6-8255-539869B368E9}.Debug|x64.Build.0 = Debug|Any CPU
		{87043A40-E22F-4ED6-8255-539869B368E9}.Debug|x64.Deploy.0 = Debug|Any CPU
		{87043A40-E22F-4ED6-8255-539869B368E9}.Debug|x86.ActiveCfg = Debug|Any CPU
		{87043A40-E22F-4ED6-8255-539869B368E9}.Debug|x86.Build.0 = Debug|Any CPU
		{87043A40-E22F-4ED6-8255-539869B368E9}.Debug|x86.Deploy.0 = Debug|Any CPU
		{87043A40-E22F-4ED6-8255-539869B368E9}.Release|Any CPU.ActiveCfg = Release|Any CPU
		{87043A40-E22F-4ED6-8255-539869B368E9}.Release|Any CPU.Build.0 = Release|Any CPU
		{87043A40-E22F-4ED6-8255-539869B368E9}.Release|Any CPU.Deploy.0 = Release|Any CPU
		{87043A40-E22F-4ED6-8255-539869B368E9}.Release|ARM.ActiveCfg = Release|Any CPU
		{87043A40-E22F-4ED6-8255-539869B368E9}.Release|ARM.Build.0 = Release|Any CPU
		{87043A40-E22F-4ED6-8255-539869B368E9}.Release|ARM.Deploy.0 = Release|Any CPU
		{87043A40-E22F-4ED6-8255-539869B368E9}.Release|iPhone.ActiveCfg = Release|Any CPU
		{87043A40-E22F-4ED6-8255-539869B368E9}.Release|iPhone.Build.0 = Release|Any CPU
		{87043A40-E22F-4ED6-8255-539869B368E9}.Release|iPhone.Deploy.0 = Release|Any CPU
		{87043A40-E22F-4ED6-8255-539869B368E9}.Release|iPhoneSimulator.ActiveCfg = Release|Any CPU
		{87043A40-E22F-4ED6-8255-539869B368E9}.Release|iPhoneSimulator.Build.0 = Release|Any CPU
		{87043A40-E22F-4ED6-8255-539869B368E9}.Release|iPhoneSimulator.Deploy.0 = Release|Any CPU
		{87043A40-E22F-4ED6-8255-539869B368E9}.Release|x64.ActiveCfg = Release|Any CPU
		{87043A40-E22F-4ED6-8255-539869B368E9}.Release|x64.Build.0 = Release|Any CPU
		{87043A40-E22F-4ED6-8255-539869B368E9}.Release|x64.Deploy.0 = Release|Any CPU
		{87043A40-E22F-4ED6-8255-539869B368E9}.Release|x86.ActiveCfg = Release|Any CPU
		{87043A40-E22F-4ED6-8255-539869B368E9}.Release|x86.Build.0 = Release|Any CPU
		{87043A40-E22F-4ED6-8255-539869B368E9}.Release|x86.Deploy.0 = Release|Any CPU
		{EBDFD1BD-802C-435D-9AE5-6CF30CE22D61}.Ad-Hoc|Any CPU.ActiveCfg = Ad-Hoc|iPhone
		{EBDFD1BD-802C-435D-9AE5-6CF30CE22D61}.Ad-Hoc|ARM.ActiveCfg = Ad-Hoc|iPhone
		{EBDFD1BD-802C-435D-9AE5-6CF30CE22D61}.Ad-Hoc|iPhone.ActiveCfg = Ad-Hoc|iPhone
		{EBDFD1BD-802C-435D-9AE5-6CF30CE22D61}.Ad-Hoc|iPhone.Build.0 = Ad-Hoc|iPhone
		{EBDFD1BD-802C-435D-9AE5-6CF30CE22D61}.Ad-Hoc|iPhoneSimulator.ActiveCfg = Ad-Hoc|iPhoneSimulator
		{EBDFD1BD-802C-435D-9AE5-6CF30CE22D61}.Ad-Hoc|iPhoneSimulator.Build.0 = Ad-Hoc|iPhoneSimulator
		{EBDFD1BD-802C-435D-9AE5-6CF30CE22D61}.Ad-Hoc|x64.ActiveCfg = Ad-Hoc|iPhone
		{EBDFD1BD-802C-435D-9AE5-6CF30CE22D61}.Ad-Hoc|x86.ActiveCfg = Ad-Hoc|iPhone
		{EBDFD1BD-802C-435D-9AE5-6CF30CE22D61}.AppStore|Any CPU.ActiveCfg = AppStore|iPhone
		{EBDFD1BD-802C-435D-9AE5-6CF30CE22D61}.AppStore|ARM.ActiveCfg = AppStore|iPhone
		{EBDFD1BD-802C-435D-9AE5-6CF30CE22D61}.AppStore|iPhone.ActiveCfg = AppStore|iPhone
		{EBDFD1BD-802C-435D-9AE5-6CF30CE22D61}.AppStore|iPhone.Build.0 = AppStore|iPhone
		{EBDFD1BD-802C-435D-9AE5-6CF30CE22D61}.AppStore|iPhoneSimulator.ActiveCfg = AppStore|iPhoneSimulator
		{EBDFD1BD-802C-435D-9AE5-6CF30CE22D61}.AppStore|iPhoneSimulator.Build.0 = AppStore|iPhoneSimulator
		{EBDFD1BD-802C-435D-9AE5-6CF30CE22D61}.AppStore|x64.ActiveCfg = AppStore|iPhone
		{EBDFD1BD-802C-435D-9AE5-6CF30CE22D61}.AppStore|x86.ActiveCfg = AppStore|iPhone
		{EBDFD1BD-802C-435D-9AE5-6CF30CE22D61}.Debug|Any CPU.ActiveCfg = Debug|iPhone
		{EBDFD1BD-802C-435D-9AE5-6CF30CE22D61}.Debug|ARM.ActiveCfg = Debug|iPhone
		{EBDFD1BD-802C-435D-9AE5-6CF30CE22D61}.Debug|iPhone.ActiveCfg = Debug|iPhone
		{EBDFD1BD-802C-435D-9AE5-6CF30CE22D61}.Debug|iPhone.Build.0 = Debug|iPhone
		{EBDFD1BD-802C-435D-9AE5-6CF30CE22D61}.Debug|iPhoneSimulator.ActiveCfg = Debug|iPhoneSimulator
		{EBDFD1BD-802C-435D-9AE5-6CF30CE22D61}.Debug|iPhoneSimulator.Build.0 = Debug|iPhoneSimulator
		{EBDFD1BD-802C-435D-9AE5-6CF30CE22D61}.Debug|x64.ActiveCfg = Debug|iPhone
		{EBDFD1BD-802C-435D-9AE5-6CF30CE22D61}.Debug|x86.ActiveCfg = Debug|iPhone
		{EBDFD1BD-802C-435D-9AE5-6CF30CE22D61}.Release|Any CPU.ActiveCfg = Release|iPhone
		{EBDFD1BD-802C-435D-9AE5-6CF30CE22D61}.Release|ARM.ActiveCfg = Release|iPhone
		{EBDFD1BD-802C-435D-9AE5-6CF30CE22D61}.Release|iPhone.ActiveCfg = Release|iPhone
		{EBDFD1BD-802C-435D-9AE5-6CF30CE22D61}.Release|iPhone.Build.0 = Release|iPhone
		{EBDFD1BD-802C-435D-9AE5-6CF30CE22D61}.Release|iPhoneSimulator.ActiveCfg = Release|iPhoneSimulator
		{EBDFD1BD-802C-435D-9AE5-6CF30CE22D61}.Release|iPhoneSimulator.Build.0 = Release|iPhoneSimulator
		{EBDFD1BD-802C-435D-9AE5-6CF30CE22D61}.Release|x64.ActiveCfg = Release|iPhone
		{EBDFD1BD-802C-435D-9AE5-6CF30CE22D61}.Release|x86.ActiveCfg = Release|iPhone
		{CD6B651D-6D9E-4AA1-99B4-73458F41B2F5}.Ad-Hoc|Any CPU.ActiveCfg = Release|x86
		{CD6B651D-6D9E-4AA1-99B4-73458F41B2F5}.Ad-Hoc|Any CPU.Build.0 = Release|x86
		{CD6B651D-6D9E-4AA1-99B4-73458F41B2F5}.Ad-Hoc|Any CPU.Deploy.0 = Release|x86
		{CD6B651D-6D9E-4AA1-99B4-73458F41B2F5}.Ad-Hoc|ARM.ActiveCfg = Release|ARM
		{CD6B651D-6D9E-4AA1-99B4-73458F41B2F5}.Ad-Hoc|ARM.Build.0 = Release|ARM
		{CD6B651D-6D9E-4AA1-99B4-73458F41B2F5}.Ad-Hoc|ARM.Deploy.0 = Release|ARM
		{CD6B651D-6D9E-4AA1-99B4-73458F41B2F5}.Ad-Hoc|iPhone.ActiveCfg = Release|x86
		{CD6B651D-6D9E-4AA1-99B4-73458F41B2F5}.Ad-Hoc|iPhone.Build.0 = Release|x86
		{CD6B651D-6D9E-4AA1-99B4-73458F41B2F5}.Ad-Hoc|iPhone.Deploy.0 = Release|x86
		{CD6B651D-6D9E-4AA1-99B4-73458F41B2F5}.Ad-Hoc|iPhoneSimulator.ActiveCfg = Release|x86
		{CD6B651D-6D9E-4AA1-99B4-73458F41B2F5}.Ad-Hoc|iPhoneSimulator.Build.0 = Release|x86
		{CD6B651D-6D9E-4AA1-99B4-73458F41B2F5}.Ad-Hoc|iPhoneSimulator.Deploy.0 = Release|x86
		{CD6B651D-6D9E-4AA1-99B4-73458F41B2F5}.Ad-Hoc|x64.ActiveCfg = Release|x64
		{CD6B651D-6D9E-4AA1-99B4-73458F41B2F5}.Ad-Hoc|x64.Build.0 = Release|x64
		{CD6B651D-6D9E-4AA1-99B4-73458F41B2F5}.Ad-Hoc|x64.Deploy.0 = Release|x64
		{CD6B651D-6D9E-4AA1-99B4-73458F41B2F5}.Ad-Hoc|x86.ActiveCfg = Release|x86
		{CD6B651D-6D9E-4AA1-99B4-73458F41B2F5}.Ad-Hoc|x86.Build.0 = Release|x86
		{CD6B651D-6D9E-4AA1-99B4-73458F41B2F5}.Ad-Hoc|x86.Deploy.0 = Release|x86
		{CD6B651D-6D9E-4AA1-99B4-73458F41B2F5}.AppStore|Any CPU.ActiveCfg = Release|x86
		{CD6B651D-6D9E-4AA1-99B4-73458F41B2F5}.AppStore|Any CPU.Build.0 = Release|x86
		{CD6B651D-6D9E-4AA1-99B4-73458F41B2F5}.AppStore|Any CPU.Deploy.0 = Release|x86
		{CD6B651D-6D9E-4AA1-99B4-73458F41B2F5}.AppStore|ARM.ActiveCfg = Release|ARM
		{CD6B651D-6D9E-4AA1-99B4-73458F41B2F5}.AppStore|ARM.Build.0 = Release|ARM
		{CD6B651D-6D9E-4AA1-99B4-73458F41B2F5}.AppStore|ARM.Deploy.0 = Release|ARM
		{CD6B651D-6D9E-4AA1-99B4-73458F41B2F5}.AppStore|iPhone.ActiveCfg = Release|x86
		{CD6B651D-6D9E-4AA1-99B4-73458F41B2F5}.AppStore|iPhone.Build.0 = Release|x86
		{CD6B651D-6D9E-4AA1-99B4-73458F41B2F5}.AppStore|iPhone.Deploy.0 = Release|x86
		{CD6B651D-6D9E-4AA1-99B4-73458F41B2F5}.AppStore|iPhoneSimulator.ActiveCfg = Release|x86
		{CD6B651D-6D9E-4AA1-99B4-73458F41B2F5}.AppStore|iPhoneSimulator.Build.0 = Release|x86
		{CD6B651D-6D9E-4AA1-99B4-73458F41B2F5}.AppStore|iPhoneSimulator.Deploy.0 = Release|x86
		{CD6B651D-6D9E-4AA1-99B4-73458F41B2F5}.AppStore|x64.ActiveCfg = Release|x64
		{CD6B651D-6D9E-4AA1-99B4-73458F41B2F5}.AppStore|x64.Build.0 = Release|x64
		{CD6B651D-6D9E-4AA1-99B4-73458F41B2F5}.AppStore|x64.Deploy.0 = Release|x64
		{CD6B651D-6D9E-4AA1-99B4-73458F41B2F5}.AppStore|x86.ActiveCfg = Release|x86
		{CD6B651D-6D9E-4AA1-99B4-73458F41B2F5}.AppStore|x86.Build.0 = Release|x86
		{CD6B651D-6D9E-4AA1-99B4-73458F41B2F5}.AppStore|x86.Deploy.0 = Release|x86
		{CD6B651D-6D9E-4AA1-99B4-73458F41B2F5}.Debug|Any CPU.ActiveCfg = Debug|x86
		{CD6B651D-6D9E-4AA1-99B4-73458F41B2F5}.Debug|ARM.ActiveCfg = Debug|ARM
		{CD6B651D-6D9E-4AA1-99B4-73458F41B2F5}.Debug|ARM.Build.0 = Debug|ARM
		{CD6B651D-6D9E-4AA1-99B4-73458F41B2F5}.Debug|ARM.Deploy.0 = Debug|ARM
		{CD6B651D-6D9E-4AA1-99B4-73458F41B2F5}.Debug|iPhone.ActiveCfg = Debug|x86
		{CD6B651D-6D9E-4AA1-99B4-73458F41B2F5}.Debug|iPhoneSimulator.ActiveCfg = Debug|x86
		{CD6B651D-6D9E-4AA1-99B4-73458F41B2F5}.Debug|x64.ActiveCfg = Debug|x64
		{CD6B651D-6D9E-4AA1-99B4-73458F41B2F5}.Debug|x64.Build.0 = Debug|x64
		{CD6B651D-6D9E-4AA1-99B4-73458F41B2F5}.Debug|x64.Deploy.0 = Debug|x64
		{CD6B651D-6D9E-4AA1-99B4-73458F41B2F5}.Debug|x86.ActiveCfg = Debug|x86
		{CD6B651D-6D9E-4AA1-99B4-73458F41B2F5}.Debug|x86.Build.0 = Debug|x86
		{CD6B651D-6D9E-4AA1-99B4-73458F41B2F5}.Debug|x86.Deploy.0 = Debug|x86
		{CD6B651D-6D9E-4AA1-99B4-73458F41B2F5}.Release|Any CPU.ActiveCfg = Release|x86
		{CD6B651D-6D9E-4AA1-99B4-73458F41B2F5}.Release|ARM.ActiveCfg = Release|ARM
		{CD6B651D-6D9E-4AA1-99B4-73458F41B2F5}.Release|ARM.Build.0 = Release|ARM
		{CD6B651D-6D9E-4AA1-99B4-73458F41B2F5}.Release|ARM.Deploy.0 = Release|ARM
		{CD6B651D-6D9E-4AA1-99B4-73458F41B2F5}.Release|iPhone.ActiveCfg = Release|x86
		{CD6B651D-6D9E-4AA1-99B4-73458F41B2F5}.Release|iPhoneSimulator.ActiveCfg = Release|x86
		{CD6B651D-6D9E-4AA1-99B4-73458F41B2F5}.Release|x64.ActiveCfg = Release|x64
		{CD6B651D-6D9E-4AA1-99B4-73458F41B2F5}.Release|x64.Build.0 = Release|x64
		{CD6B651D-6D9E-4AA1-99B4-73458F41B2F5}.Release|x64.Deploy.0 = Release|x64
		{CD6B651D-6D9E-4AA1-99B4-73458F41B2F5}.Release|x86.ActiveCfg = Release|x86
		{CD6B651D-6D9E-4AA1-99B4-73458F41B2F5}.Release|x86.Build.0 = Release|x86
		{CD6B651D-6D9E-4AA1-99B4-73458F41B2F5}.Release|x86.Deploy.0 = Release|x86
	EndGlobalSection
	GlobalSection(SolutionProperties) = preSolution
		HideSolutionNode = FALSE
	EndGlobalSection
	GlobalSection(ExtensibilityGlobals) = postSolution
		SolutionGuid = {120858B3-43DC-4083-B895-04E653E51923}
	EndGlobalSection
EndGlobal
